// !$*UTF8*$!
{
	archiveVersion = 1;
	classes = {
	};
	objectVersion = 46;
	objects = {

/* Begin PBXBuildFile section */
		C4214EC017D97098001E640A /* UIKit.framework in Frameworks */ = {isa = PBXBuildFile; fileRef = C4214EBF17D97098001E640A /* UIKit.framework */; };
		C4214EC217D97098001E640A /* Foundation.framework in Frameworks */ = {isa = PBXBuildFile; fileRef = C4214EC117D97098001E640A /* Foundation.framework */; };
		C4214EC417D97098001E640A /* CoreGraphics.framework in Frameworks */ = {isa = PBXBuildFile; fileRef = C4214EC317D97098001E640A /* CoreGraphics.framework */; };
		C4214ECA17D97098001E640A /* InfoPlist.strings in Resources */ = {isa = PBXBuildFile; fileRef = C4214EC817D97098001E640A /* InfoPlist.strings */; };
		C4214ECC17D97098001E640A /* main.m in Sources */ = {isa = PBXBuildFile; fileRef = C4214ECB17D97098001E640A /* main.m */; };
		C4214ED017D97098001E640A /* AppDelegate.m in Sources */ = {isa = PBXBuildFile; fileRef = C4214ECF17D97098001E640A /* AppDelegate.m */; };
		C4214ED217D97098001E640A /* Default.png in Resources */ = {isa = PBXBuildFile; fileRef = C4214ED117D97098001E640A /* Default.png */; };
		C4214ED417D97098001E640A /* Default@2x.png in Resources */ = {isa = PBXBuildFile; fileRef = C4214ED317D97098001E640A /* Default@2x.png */; };
		C4214ED617D97098001E640A /* Default-568h@2x.png in Resources */ = {isa = PBXBuildFile; fileRef = C4214ED517D97098001E640A /* Default-568h@2x.png */; };
		C4214F0017D97ACF001E640A /* UMSocialLocalizable.strings in Resources */ = {isa = PBXBuildFile; fileRef = C4214EE117D97ACF001E640A /* UMSocialLocalizable.strings */; };
		C4214F0117D97ACF001E640A /* libWeChatSDK_armv7_armv7s.a in Frameworks */ = {isa = PBXBuildFile; fileRef = C4214EE517D97ACF001E640A /* libWeChatSDK_armv7_armv7s.a */; };
		C4214F0217D97AD0001E640A /* libUMSocial_Sdk_2.2.1.1.a in Frameworks */ = {isa = PBXBuildFile; fileRef = C4214EF317D97ACF001E640A /* libUMSocial_Sdk_2.2.1.1.a */; };
		C4214F0317D97AD0001E640A /* libUMSocial_Sdk_Comment_2.2.1.1.a in Frameworks */ = {isa = PBXBuildFile; fileRef = C4214EF417D97ACF001E640A /* libUMSocial_Sdk_Comment_2.2.1.1.a */; };
		C4214F0417D97AD0001E640A /* UMSCommentDetailController.xib in Resources */ = {isa = PBXBuildFile; fileRef = C4214EF617D97ACF001E640A /* UMSCommentDetailController.xib */; };
		C4214F0517D97AD0001E640A /* UMSCommentInputController.xib in Resources */ = {isa = PBXBuildFile; fileRef = C4214EF717D97ACF001E640A /* UMSCommentInputController.xib */; };
		C4214F0617D97AD0001E640A /* UMSCommentInputControlleriPad.xib in Resources */ = {isa = PBXBuildFile; fileRef = C4214EF817D97ACF001E640A /* UMSCommentInputControlleriPad.xib */; };
		C4214F0717D97AD0001E640A /* UMShareEditViewController.xib in Resources */ = {isa = PBXBuildFile; fileRef = C4214EF917D97ACF001E640A /* UMShareEditViewController.xib */; };
		C4214F0817D97AD0001E640A /* UMShareEditViewControlleriPad.xib in Resources */ = {isa = PBXBuildFile; fileRef = C4214EFA17D97ACF001E640A /* UMShareEditViewControlleriPad.xib */; };
		C4214F0917D97AD0001E640A /* UMSLoginViewController.xib in Resources */ = {isa = PBXBuildFile; fileRef = C4214EFB17D97ACF001E640A /* UMSLoginViewController.xib */; };
		C4214F0A17D97AD0001E640A /* UMSnsAccountViewController.xib in Resources */ = {isa = PBXBuildFile; fileRef = C4214EFC17D97ACF001E640A /* UMSnsAccountViewController.xib */; };
		C4214F0B17D97AD0001E640A /* UMSShareListController.xib in Resources */ = {isa = PBXBuildFile; fileRef = C4214EFD17D97ACF001E640A /* UMSShareListController.xib */; };
		C4214F0C17D97AD0001E640A /* UMSocialSDKResourcesNew.bundle in Resources */ = {isa = PBXBuildFile; fileRef = C4214EFE17D97ACF001E640A /* UMSocialSDKResourcesNew.bundle */; };
		C4214F1217D98282001E640A /* MainStoryboard.storyboard in Resources */ = {isa = PBXBuildFile; fileRef = C4214F1417D98282001E640A /* MainStoryboard.storyboard */; };
		C4BB38AC17D998F900600041 /* libGoogleAnalyticsServices.a in Frameworks */ = {isa = PBXBuildFile; fileRef = C4BB38AB17D998F900600041 /* libGoogleAnalyticsServices.a */; };
		C4BB38AE17D9993200600041 /* CoreData.framework in Frameworks */ = {isa = PBXBuildFile; fileRef = C4BB38AD17D9993200600041 /* CoreData.framework */; };
		C4BB38B017D9994F00600041 /* SystemConfiguration.framework in Frameworks */ = {isa = PBXBuildFile; fileRef = C4BB38AF17D9994F00600041 /* SystemConfiguration.framework */; };
		C4BB38B217D9996400600041 /* libz.dylib in Frameworks */ = {isa = PBXBuildFile; fileRef = C4BB38B117D9996400600041 /* libz.dylib */; };
		C4BB38B717D99B0E00600041 /* GDataXMLNode.m in Sources */ = {isa = PBXBuildFile; fileRef = C4BB38B617D99B0E00600041 /* GDataXMLNode.m */; settings = {COMPILER_FLAGS = "-fno-objc-arc"; }; };
		C4BB38BA17D99B4700600041 /* JSONKit.m in Sources */ = {isa = PBXBuildFile; fileRef = C4BB38B917D99B4700600041 /* JSONKit.m */; settings = {COMPILER_FLAGS = "-fno-objc-arc"; }; };
		C4BB38BC17D99C2000600041 /* libxml2.2.dylib in Frameworks */ = {isa = PBXBuildFile; fileRef = C4BB38BB17D99C2000600041 /* libxml2.2.dylib */; };
		C4D42CEE17D99E70009E95D0 /* MKAnnotationView+WebCache.m in Sources */ = {isa = PBXBuildFile; fileRef = C4D42CDB17D99E70009E95D0 /* MKAnnotationView+WebCache.m */; };
		C4D42CEF17D99E70009E95D0 /* SDImageCache.m in Sources */ = {isa = PBXBuildFile; fileRef = C4D42CDD17D99E70009E95D0 /* SDImageCache.m */; };
		C4D42CF017D99E70009E95D0 /* SDWebImageDecoder.m in Sources */ = {isa = PBXBuildFile; fileRef = C4D42CE117D99E70009E95D0 /* SDWebImageDecoder.m */; };
		C4D42CF117D99E70009E95D0 /* SDWebImageDownloader.m in Sources */ = {isa = PBXBuildFile; fileRef = C4D42CE317D99E70009E95D0 /* SDWebImageDownloader.m */; };
		C4D42CF217D99E70009E95D0 /* SDWebImageManager.m in Sources */ = {isa = PBXBuildFile; fileRef = C4D42CE617D99E70009E95D0 /* SDWebImageManager.m */; };
		C4D42CF317D99E70009E95D0 /* SDWebImagePrefetcher.m in Sources */ = {isa = PBXBuildFile; fileRef = C4D42CE917D99E70009E95D0 /* SDWebImagePrefetcher.m */; };
		C4D42CF417D99E70009E95D0 /* UIButton+WebCache.m in Sources */ = {isa = PBXBuildFile; fileRef = C4D42CEB17D99E70009E95D0 /* UIButton+WebCache.m */; };
		C4D42CF517D99E70009E95D0 /* UIImageView+WebCache.m in Sources */ = {isa = PBXBuildFile; fileRef = C4D42CED17D99E70009E95D0 /* UIImageView+WebCache.m */; };
		C4D42CFA17D99EE1009E95D0 /* SVProgressHUD.bundle in Resources */ = {isa = PBXBuildFile; fileRef = C4D42CF717D99EE1009E95D0 /* SVProgressHUD.bundle */; };
		C4D42CFB17D99EE1009E95D0 /* SVProgressHUD.m in Sources */ = {isa = PBXBuildFile; fileRef = C4D42CF917D99EE1009E95D0 /* SVProgressHUD.m */; };
/* End PBXBuildFile section */

/* Begin PBXFileReference section */
		C4214EBC17D97098001E640A /* StoryContinued.app */ = {isa = PBXFileReference; explicitFileType = wrapper.application; includeInIndex = 0; path = StoryContinued.app; sourceTree = BUILT_PRODUCTS_DIR; };
		C4214EBF17D97098001E640A /* UIKit.framework */ = {isa = PBXFileReference; lastKnownFileType = wrapper.framework; name = UIKit.framework; path = System/Library/Frameworks/UIKit.framework; sourceTree = SDKROOT; };
		C4214EC117D97098001E640A /* Foundation.framework */ = {isa = PBXFileReference; lastKnownFileType = wrapper.framework; name = Foundation.framework; path = System/Library/Frameworks/Foundation.framework; sourceTree = SDKROOT; };
		C4214EC317D97098001E640A /* CoreGraphics.framework */ = {isa = PBXFileReference; lastKnownFileType = wrapper.framework; name = CoreGraphics.framework; path = System/Library/Frameworks/CoreGraphics.framework; sourceTree = SDKROOT; };
		C4214EC717D97098001E640A /* StoryContinued-Info.plist */ = {isa = PBXFileReference; lastKnownFileType = text.plist.xml; path = "StoryContinued-Info.plist"; sourceTree = "<group>"; };
		C4214EC917D97098001E640A /* en */ = {isa = PBXFileReference; lastKnownFileType = text.plist.strings; name = en; path = en.lproj/InfoPlist.strings; sourceTree = "<group>"; };
		C4214ECB17D97098001E640A /* main.m */ = {isa = PBXFileReference; lastKnownFileType = sourcecode.c.objc; path = main.m; sourceTree = "<group>"; };
		C4214ECD17D97098001E640A /* StoryContinued-Prefix.pch */ = {isa = PBXFileReference; lastKnownFileType = sourcecode.c.h; path = "StoryContinued-Prefix.pch"; sourceTree = "<group>"; };
		C4214ECE17D97098001E640A /* AppDelegate.h */ = {isa = PBXFileReference; lastKnownFileType = sourcecode.c.h; path = AppDelegate.h; sourceTree = "<group>"; };
		C4214ECF17D97098001E640A /* AppDelegate.m */ = {isa = PBXFileReference; lastKnownFileType = sourcecode.c.objc; path = AppDelegate.m; sourceTree = "<group>"; };
		C4214ED117D97098001E640A /* Default.png */ = {isa = PBXFileReference; lastKnownFileType = image.png; path = Default.png; sourceTree = "<group>"; };
		C4214ED317D97098001E640A /* Default@2x.png */ = {isa = PBXFileReference; lastKnownFileType = image.png; path = "Default@2x.png"; sourceTree = "<group>"; };
		C4214ED517D97098001E640A /* Default-568h@2x.png */ = {isa = PBXFileReference; lastKnownFileType = image.png; path = "Default-568h@2x.png"; sourceTree = "<group>"; };
		C4214EE217D97ACF001E640A /* en */ = {isa = PBXFileReference; lastKnownFileType = text.plist.strings; name = en; path = en.lproj/UMSocialLocalizable.strings; sourceTree = "<group>"; };
		C4214EE517D97ACF001E640A /* libWeChatSDK_armv7_armv7s.a */ = {isa = PBXFileReference; lastKnownFileType = archive.ar; path = libWeChatSDK_armv7_armv7s.a; sourceTree = "<group>"; };
		C4214EE617D97ACF001E640A /* WXApi.h */ = {isa = PBXFileReference; fileEncoding = 4; lastKnownFileType = sourcecode.c.h; path = WXApi.h; sourceTree = "<group>"; };
		C4214EE717D97ACF001E640A /* WXApiObject.h */ = {isa = PBXFileReference; fileEncoding = 4; lastKnownFileType = sourcecode.c.h; path = WXApiObject.h; sourceTree = "<group>"; };
		C4214EE917D97ACF001E640A /* UMSocial.h */ = {isa = PBXFileReference; fileEncoding = 4; lastKnownFileType = sourcecode.c.h; path = UMSocial.h; sourceTree = "<group>"; };
		C4214EEA17D97ACF001E640A /* UMSocialAccountManager.h */ = {isa = PBXFileReference; fileEncoding = 4; lastKnownFileType = sourcecode.c.h; path = UMSocialAccountManager.h; sourceTree = "<group>"; };
		C4214EEB17D97ACF001E640A /* UMSocialBar.h */ = {isa = PBXFileReference; fileEncoding = 4; lastKnownFileType = sourcecode.c.h; path = UMSocialBar.h; sourceTree = "<group>"; };
		C4214EEC17D97ACF001E640A /* UMSocialConfig.h */ = {isa = PBXFileReference; fileEncoding = 4; lastKnownFileType = sourcecode.c.h; path = UMSocialConfig.h; sourceTree = "<group>"; };
		C4214EED17D97ACF001E640A /* UMSocialControllerService.h */ = {isa = PBXFileReference; fileEncoding = 4; lastKnownFileType = sourcecode.c.h; path = UMSocialControllerService.h; sourceTree = "<group>"; };
		C4214EEE17D97ACF001E640A /* UMSocialControllerServiceComment.h */ = {isa = PBXFileReference; fileEncoding = 4; lastKnownFileType = sourcecode.c.h; path = UMSocialControllerServiceComment.h; sourceTree = "<group>"; };
		C4214EEF17D97ACF001E640A /* UMSocialData.h */ = {isa = PBXFileReference; fileEncoding = 4; lastKnownFileType = sourcecode.c.h; path = UMSocialData.h; sourceTree = "<group>"; };
		C4214EF017D97ACF001E640A /* UMSocialDataService.h */ = {isa = PBXFileReference; fileEncoding = 4; lastKnownFileType = sourcecode.c.h; path = UMSocialDataService.h; sourceTree = "<group>"; };
		C4214EF117D97ACF001E640A /* UMSocialSnsPlatformManager.h */ = {isa = PBXFileReference; fileEncoding = 4; lastKnownFileType = sourcecode.c.h; path = UMSocialSnsPlatformManager.h; sourceTree = "<group>"; };
		C4214EF217D97ACF001E640A /* UMSocialSnsService.h */ = {isa = PBXFileReference; fileEncoding = 4; lastKnownFileType = sourcecode.c.h; path = UMSocialSnsService.h; sourceTree = "<group>"; };
		C4214EF317D97ACF001E640A /* libUMSocial_Sdk_2.2.1.1.a */ = {isa = PBXFileReference; lastKnownFileType = archive.ar; path = libUMSocial_Sdk_2.2.1.1.a; sourceTree = "<group>"; };
		C4214EF417D97ACF001E640A /* libUMSocial_Sdk_Comment_2.2.1.1.a */ = {isa = PBXFileReference; lastKnownFileType = archive.ar; path = libUMSocial_Sdk_Comment_2.2.1.1.a; sourceTree = "<group>"; };
		C4214EF617D97ACF001E640A /* UMSCommentDetailController.xib */ = {isa = PBXFileReference; fileEncoding = 4; lastKnownFileType = file.xib; path = UMSCommentDetailController.xib; sourceTree = "<group>"; };
		C4214EF717D97ACF001E640A /* UMSCommentInputController.xib */ = {isa = PBXFileReference; fileEncoding = 4; lastKnownFileType = file.xib; path = UMSCommentInputController.xib; sourceTree = "<group>"; };
		C4214EF817D97ACF001E640A /* UMSCommentInputControlleriPad.xib */ = {isa = PBXFileReference; fileEncoding = 4; lastKnownFileType = file.xib; path = UMSCommentInputControlleriPad.xib; sourceTree = "<group>"; };
		C4214EF917D97ACF001E640A /* UMShareEditViewController.xib */ = {isa = PBXFileReference; fileEncoding = 4; lastKnownFileType = file.xib; path = UMShareEditViewController.xib; sourceTree = "<group>"; };
		C4214EFA17D97ACF001E640A /* UMShareEditViewControlleriPad.xib */ = {isa = PBXFileReference; fileEncoding = 4; lastKnownFileType = file.xib; path = UMShareEditViewControlleriPad.xib; sourceTree = "<group>"; };
		C4214EFB17D97ACF001E640A /* UMSLoginViewController.xib */ = {isa = PBXFileReference; fileEncoding = 4; lastKnownFileType = file.xib; path = UMSLoginViewController.xib; sourceTree = "<group>"; };
		C4214EFC17D97ACF001E640A /* UMSnsAccountViewController.xib */ = {isa = PBXFileReference; fileEncoding = 4; lastKnownFileType = file.xib; path = UMSnsAccountViewController.xib; sourceTree = "<group>"; };
		C4214EFD17D97ACF001E640A /* UMSShareListController.xib */ = {isa = PBXFileReference; fileEncoding = 4; lastKnownFileType = file.xib; path = UMSShareListController.xib; sourceTree = "<group>"; };
		C4214EFE17D97ACF001E640A /* UMSocialSDKResourcesNew.bundle */ = {isa = PBXFileReference; lastKnownFileType = "wrapper.plug-in"; path = UMSocialSDKResourcesNew.bundle; sourceTree = "<group>"; };
		C4214EFF17D97ACF001E640A /* zh-Hans */ = {isa = PBXFileReference; lastKnownFileType = text.plist.strings; name = "zh-Hans"; path = "zh-Hans.lproj/UMSocialLocalizable.strings"; sourceTree = "<group>"; };
		C4214F1317D98282001E640A /* zh-Hans */ = {isa = PBXFileReference; lastKnownFileType = file.storyboard; name = "zh-Hans"; path = "zh-Hans.lproj/MainStoryboard.storyboard"; sourceTree = "<group>"; };
		C4214F1517D9828A001E640A /* en */ = {isa = PBXFileReference; lastKnownFileType = file.storyboard; name = en; path = en.lproj/MainStoryboard.storyboard; sourceTree = "<group>"; };
		C4BB38A517D998F900600041 /* GAI.h */ = {isa = PBXFileReference; fileEncoding = 4; lastKnownFileType = sourcecode.c.h; path = GAI.h; sourceTree = "<group>"; };
		C4BB38A617D998F900600041 /* GAIDictionaryBuilder.h */ = {isa = PBXFileReference; fileEncoding = 4; lastKnownFileType = sourcecode.c.h; path = GAIDictionaryBuilder.h; sourceTree = "<group>"; };
		C4BB38A717D998F900600041 /* GAIFields.h */ = {isa = PBXFileReference; fileEncoding = 4; lastKnownFileType = sourcecode.c.h; path = GAIFields.h; sourceTree = "<group>"; };
		C4BB38A817D998F900600041 /* GAILogger.h */ = {isa = PBXFileReference; fileEncoding = 4; lastKnownFileType = sourcecode.c.h; path = GAILogger.h; sourceTree = "<group>"; };
		C4BB38A917D998F900600041 /* GAITrackedViewController.h */ = {isa = PBXFileReference; fileEncoding = 4; lastKnownFileType = sourcecode.c.h; path = GAITrackedViewController.h; sourceTree = "<group>"; };
		C4BB38AA17D998F900600041 /* GAITracker.h */ = {isa = PBXFileReference; fileEncoding = 4; lastKnownFileType = sourcecode.c.h; path = GAITracker.h; sourceTree = "<group>"; };
		C4BB38AB17D998F900600041 /* libGoogleAnalyticsServices.a */ = {isa = PBXFileReference; lastKnownFileType = archive.ar; path = libGoogleAnalyticsServices.a; sourceTree = "<group>"; };
		C4BB38AD17D9993200600041 /* CoreData.framework */ = {isa = PBXFileReference; lastKnownFileType = wrapper.framework; name = CoreData.framework; path = System/Library/Frameworks/CoreData.framework; sourceTree = SDKROOT; };
		C4BB38AF17D9994F00600041 /* SystemConfiguration.framework */ = {isa = PBXFileReference; lastKnownFileType = wrapper.framework; name = SystemConfiguration.framework; path = System/Library/Frameworks/SystemConfiguration.framework; sourceTree = SDKROOT; };
		C4BB38B117D9996400600041 /* libz.dylib */ = {isa = PBXFileReference; lastKnownFileType = "compiled.mach-o.dylib"; name = libz.dylib; path = usr/lib/libz.dylib; sourceTree = SDKROOT; };
		C4BB38B517D99B0E00600041 /* GDataXMLNode.h */ = {isa = PBXFileReference; fileEncoding = 4; lastKnownFileType = sourcecode.c.h; name = GDataXMLNode.h; path = Classes/GDataXMLNode.h; sourceTree = "<group>"; };
		C4BB38B617D99B0E00600041 /* GDataXMLNode.m */ = {isa = PBXFileReference; fileEncoding = 4; lastKnownFileType = sourcecode.c.objc; name = GDataXMLNode.m; path = Classes/GDataXMLNode.m; sourceTree = "<group>"; };
		C4BB38B817D99B4700600041 /* JSONKit.h */ = {isa = PBXFileReference; fileEncoding = 4; lastKnownFileType = sourcecode.c.h; name = JSONKit.h; path = Classes/JSONKit.h; sourceTree = "<group>"; };
		C4BB38B917D99B4700600041 /* JSONKit.m */ = {isa = PBXFileReference; fileEncoding = 4; lastKnownFileType = sourcecode.c.objc; name = JSONKit.m; path = Classes/JSONKit.m; sourceTree = "<group>"; };
		C4BB38BB17D99C2000600041 /* libxml2.2.dylib */ = {isa = PBXFileReference; lastKnownFileType = "compiled.mach-o.dylib"; name = libxml2.2.dylib; path = usr/lib/libxml2.2.dylib; sourceTree = SDKROOT; };
		C4D42CDA17D99E70009E95D0 /* MKAnnotationView+WebCache.h */ = {isa = PBXFileReference; fileEncoding = 4; lastKnownFileType = sourcecode.c.h; path = "MKAnnotationView+WebCache.h"; sourceTree = "<group>"; };
		C4D42CDB17D99E70009E95D0 /* MKAnnotationView+WebCache.m */ = {isa = PBXFileReference; fileEncoding = 4; lastKnownFileType = sourcecode.c.objc; path = "MKAnnotationView+WebCache.m"; sourceTree = "<group>"; };
		C4D42CDC17D99E70009E95D0 /* SDImageCache.h */ = {isa = PBXFileReference; fileEncoding = 4; lastKnownFileType = sourcecode.c.h; path = SDImageCache.h; sourceTree = "<group>"; };
		C4D42CDD17D99E70009E95D0 /* SDImageCache.m */ = {isa = PBXFileReference; fileEncoding = 4; lastKnownFileType = sourcecode.c.objc; path = SDImageCache.m; sourceTree = "<group>"; };
		C4D42CDE17D99E70009E95D0 /* SDImageCacheDelegate.h */ = {isa = PBXFileReference; fileEncoding = 4; lastKnownFileType = sourcecode.c.h; path = SDImageCacheDelegate.h; sourceTree = "<group>"; };
		C4D42CDF17D99E70009E95D0 /* SDWebImageCompat.h */ = {isa = PBXFileReference; fileEncoding = 4; lastKnownFileType = sourcecode.c.h; path = SDWebImageCompat.h; sourceTree = "<group>"; };
		C4D42CE017D99E70009E95D0 /* SDWebImageDecoder.h */ = {isa = PBXFileReference; fileEncoding = 4; lastKnownFileType = sourcecode.c.h; path = SDWebImageDecoder.h; sourceTree = "<group>"; };
		C4D42CE117D99E70009E95D0 /* SDWebImageDecoder.m */ = {isa = PBXFileReference; fileEncoding = 4; lastKnownFileType = sourcecode.c.objc; path = SDWebImageDecoder.m; sourceTree = "<group>"; };
		C4D42CE217D99E70009E95D0 /* SDWebImageDownloader.h */ = {isa = PBXFileReference; fileEncoding = 4; lastKnownFileType = sourcecode.c.h; path = SDWebImageDownloader.h; sourceTree = "<group>"; };
		C4D42CE317D99E70009E95D0 /* SDWebImageDownloader.m */ = {isa = PBXFileReference; fileEncoding = 4; lastKnownFileType = sourcecode.c.objc; path = SDWebImageDownloader.m; sourceTree = "<group>"; };
		C4D42CE417D99E70009E95D0 /* SDWebImageDownloaderDelegate.h */ = {isa = PBXFileReference; fileEncoding = 4; lastKnownFileType = sourcecode.c.h; path = SDWebImageDownloaderDelegate.h; sourceTree = "<group>"; };
		C4D42CE517D99E70009E95D0 /* SDWebImageManager.h */ = {isa = PBXFileReference; fileEncoding = 4; lastKnownFileType = sourcecode.c.h; path = SDWebImageManager.h; sourceTree = "<group>"; };
		C4D42CE617D99E70009E95D0 /* SDWebImageManager.m */ = {isa = PBXFileReference; fileEncoding = 4; lastKnownFileType = sourcecode.c.objc; path = SDWebImageManager.m; sourceTree = "<group>"; };
		C4D42CE717D99E70009E95D0 /* SDWebImageManagerDelegate.h */ = {isa = PBXFileReference; fileEncoding = 4; lastKnownFileType = sourcecode.c.h; path = SDWebImageManagerDelegate.h; sourceTree = "<group>"; };
		C4D42CE817D99E70009E95D0 /* SDWebImagePrefetcher.h */ = {isa = PBXFileReference; fileEncoding = 4; lastKnownFileType = sourcecode.c.h; path = SDWebImagePrefetcher.h; sourceTree = "<group>"; };
		C4D42CE917D99E70009E95D0 /* SDWebImagePrefetcher.m */ = {isa = PBXFileReference; fileEncoding = 4; lastKnownFileType = sourcecode.c.objc; path = SDWebImagePrefetcher.m; sourceTree = "<group>"; };
		C4D42CEA17D99E70009E95D0 /* UIButton+WebCache.h */ = {isa = PBXFileReference; fileEncoding = 4; lastKnownFileType = sourcecode.c.h; path = "UIButton+WebCache.h"; sourceTree = "<group>"; };
		C4D42CEB17D99E70009E95D0 /* UIButton+WebCache.m */ = {isa = PBXFileReference; fileEncoding = 4; lastKnownFileType = sourcecode.c.objc; path = "UIButton+WebCache.m"; sourceTree = "<group>"; };
		C4D42CEC17D99E70009E95D0 /* UIImageView+WebCache.h */ = {isa = PBXFileReference; fileEncoding = 4; lastKnownFileType = sourcecode.c.h; path = "UIImageView+WebCache.h"; sourceTree = "<group>"; };
		C4D42CED17D99E70009E95D0 /* UIImageView+WebCache.m */ = {isa = PBXFileReference; fileEncoding = 4; lastKnownFileType = sourcecode.c.objc; path = "UIImageView+WebCache.m"; sourceTree = "<group>"; };
		C4D42CF717D99EE1009E95D0 /* SVProgressHUD.bundle */ = {isa = PBXFileReference; lastKnownFileType = "wrapper.plug-in"; path = SVProgressHUD.bundle; sourceTree = "<group>"; };
		C4D42CF817D99EE1009E95D0 /* SVProgressHUD.h */ = {isa = PBXFileReference; fileEncoding = 4; lastKnownFileType = sourcecode.c.h; path = SVProgressHUD.h; sourceTree = "<group>"; };
		C4D42CF917D99EE1009E95D0 /* SVProgressHUD.m */ = {isa = PBXFileReference; fileEncoding = 4; lastKnownFileType = sourcecode.c.objc; path = SVProgressHUD.m; sourceTree = "<group>"; };
/* End PBXFileReference section */

/* Begin PBXFrameworksBuildPhase section */
		C4214EB917D97098001E640A /* Frameworks */ = {
			isa = PBXFrameworksBuildPhase;
			buildActionMask = 2147483647;
			files = (
				C4BB38BC17D99C2000600041 /* libxml2.2.dylib in Frameworks */,
				C4BB38B217D9996400600041 /* libz.dylib in Frameworks */,
				C4BB38B017D9994F00600041 /* SystemConfiguration.framework in Frameworks */,
				C4BB38AE17D9993200600041 /* CoreData.framework in Frameworks */,
				C4214EC017D97098001E640A /* UIKit.framework in Frameworks */,
				C4214EC217D97098001E640A /* Foundation.framework in Frameworks */,
				C4214EC417D97098001E640A /* CoreGraphics.framework in Frameworks */,
				C4214F0117D97ACF001E640A /* libWeChatSDK_armv7_armv7s.a in Frameworks */,
				C4214F0217D97AD0001E640A /* libUMSocial_Sdk_2.2.1.1.a in Frameworks */,
				C4214F0317D97AD0001E640A /* libUMSocial_Sdk_Comment_2.2.1.1.a in Frameworks */,
				C4BB38AC17D998F900600041 /* libGoogleAnalyticsServices.a in Frameworks */,
			);
			runOnlyForDeploymentPostprocessing = 0;
		};
/* End PBXFrameworksBuildPhase section */

/* Begin PBXGroup section */
		C4214EB317D97097001E640A = {
			isa = PBXGroup;
			children = (
				C4214EC517D97098001E640A /* StoryContinued */,
				C4214EBE17D97098001E640A /* Frameworks */,
				C4214EBD17D97098001E640A /* Products */,
			);
			sourceTree = "<group>";
		};
		C4214EBD17D97098001E640A /* Products */ = {
			isa = PBXGroup;
			children = (
				C4214EBC17D97098001E640A /* StoryContinued.app */,
			);
			name = Products;
			sourceTree = "<group>";
		};
		C4214EBE17D97098001E640A /* Frameworks */ = {
			isa = PBXGroup;
			children = (
				C4BB38BB17D99C2000600041 /* libxml2.2.dylib */,
				C4BB38B117D9996400600041 /* libz.dylib */,
				C4BB38AF17D9994F00600041 /* SystemConfiguration.framework */,
				C4BB38AD17D9993200600041 /* CoreData.framework */,
				C4214EBF17D97098001E640A /* UIKit.framework */,
				C4214EC117D97098001E640A /* Foundation.framework */,
				C4214EC317D97098001E640A /* CoreGraphics.framework */,
			);
			name = Frameworks;
			sourceTree = "<group>";
		};
		C4214EC517D97098001E640A /* StoryContinued */ = {
			isa = PBXGroup;
			children = (
				C4214EDF17D97648001E640A /* Classes */,
				C4214EDE17D97592001E640A /* Resource */,
				C4214EDD17D97584001E640A /* Libraries */,
				C4214EC617D97098001E640A /* Supporting Files */,
			);
			path = StoryContinued;
			sourceTree = "<group>";
		};
		C4214EC617D97098001E640A /* Supporting Files */ = {
			isa = PBXGroup;
			children = (
				C4214EC717D97098001E640A /* StoryContinued-Info.plist */,
				C4214EC817D97098001E640A /* InfoPlist.strings */,
				C4214ECB17D97098001E640A /* main.m */,
				C4214ECD17D97098001E640A /* StoryContinued-Prefix.pch */,
				C4214ED117D97098001E640A /* Default.png */,
				C4214ED317D97098001E640A /* Default@2x.png */,
				C4214ED517D97098001E640A /* Default-568h@2x.png */,
			);
			name = "Supporting Files";
			sourceTree = "<group>";
		};
		C4214EDD17D97584001E640A /* Libraries */ = {
			isa = PBXGroup;
			children = (
				C4D42CF617D99EE1009E95D0 /* SVProgressHUD */,
				C4D42CD917D99E70009E95D0 /* SDWebImage */,
				C4BB38A417D998F900600041 /* GoogleAnalytics_3.0 */,
				C4214EE017D97ACF001E640A /* UMSocial_Sdk_2.2.1.1 */,
			);
			name = Libraries;
			sourceTree = "<group>";
		};
		C4214EDE17D97592001E640A /* Resource */ = {
			isa = PBXGroup;
			children = (
			);
			name = Resource;
			sourceTree = "<group>";
		};
		C4214EDF17D97648001E640A /* Classes */ = {
			isa = PBXGroup;
			children = (
				C4BB38B417D99ABA00600041 /* Common */,
				C4214ECE17D97098001E640A /* AppDelegate.h */,
				C4214ECF17D97098001E640A /* AppDelegate.m */,
				C4214F1417D98282001E640A /* MainStoryboard.storyboard */,
			);
			name = Classes;
			sourceTree = "<group>";
		};
		C4214EE017D97ACF001E640A /* UMSocial_Sdk_2.2.1.1 */ = {
			isa = PBXGroup;
			children = (
				C4214EE117D97ACF001E640A /* UMSocialLocalizable.strings */,
				C4214EE317D97ACF001E640A /* frameworks */,
				C4214EE817D97ACF001E640A /* Header */,
				C4214EF317D97ACF001E640A /* libUMSocial_Sdk_2.2.1.1.a */,
				C4214EF417D97ACF001E640A /* libUMSocial_Sdk_Comment_2.2.1.1.a */,
				C4214EF517D97ACF001E640A /* SocialSDKXib */,
				C4214EFE17D97ACF001E640A /* UMSocialSDKResourcesNew.bundle */,
			);
			name = UMSocial_Sdk_2.2.1.1;
			path = Libraries/UMSocial_Sdk_2.2.1.1;
			sourceTree = "<group>";
		};
		C4214EE317D97ACF001E640A /* frameworks */ = {
			isa = PBXGroup;
			children = (
				C4214EE417D97ACF001E640A /* Wechat */,
			);
			path = frameworks;
			sourceTree = "<group>";
		};
		C4214EE417D97ACF001E640A /* Wechat */ = {
			isa = PBXGroup;
			children = (
				C4214EE517D97ACF001E640A /* libWeChatSDK_armv7_armv7s.a */,
				C4214EE617D97ACF001E640A /* WXApi.h */,
				C4214EE717D97ACF001E640A /* WXApiObject.h */,
			);
			path = Wechat;
			sourceTree = "<group>";
		};
		C4214EE817D97ACF001E640A /* Header */ = {
			isa = PBXGroup;
			children = (
				C4214EE917D97ACF001E640A /* UMSocial.h */,
				C4214EEA17D97ACF001E640A /* UMSocialAccountManager.h */,
				C4214EEB17D97ACF001E640A /* UMSocialBar.h */,
				C4214EEC17D97ACF001E640A /* UMSocialConfig.h */,
				C4214EED17D97ACF001E640A /* UMSocialControllerService.h */,
				C4214EEE17D97ACF001E640A /* UMSocialControllerServiceComment.h */,
				C4214EEF17D97ACF001E640A /* UMSocialData.h */,
				C4214EF017D97ACF001E640A /* UMSocialDataService.h */,
				C4214EF117D97ACF001E640A /* UMSocialSnsPlatformManager.h */,
				C4214EF217D97ACF001E640A /* UMSocialSnsService.h */,
			);
			path = Header;
			sourceTree = "<group>";
		};
		C4214EF517D97ACF001E640A /* SocialSDKXib */ = {
			isa = PBXGroup;
			children = (
				C4214EF617D97ACF001E640A /* UMSCommentDetailController.xib */,
				C4214EF717D97ACF001E640A /* UMSCommentInputController.xib */,
				C4214EF817D97ACF001E640A /* UMSCommentInputControlleriPad.xib */,
				C4214EF917D97ACF001E640A /* UMShareEditViewController.xib */,
				C4214EFA17D97ACF001E640A /* UMShareEditViewControlleriPad.xib */,
				C4214EFB17D97ACF001E640A /* UMSLoginViewController.xib */,
				C4214EFC17D97ACF001E640A /* UMSnsAccountViewController.xib */,
				C4214EFD17D97ACF001E640A /* UMSShareListController.xib */,
			);
			path = SocialSDKXib;
			sourceTree = "<group>";
		};
		C4BB38A417D998F900600041 /* GoogleAnalytics_3.0 */ = {
			isa = PBXGroup;
			children = (
				C4BB38A517D998F900600041 /* GAI.h */,
				C4BB38A617D998F900600041 /* GAIDictionaryBuilder.h */,
				C4BB38A717D998F900600041 /* GAIFields.h */,
				C4BB38A817D998F900600041 /* GAILogger.h */,
				C4BB38A917D998F900600041 /* GAITrackedViewController.h */,
				C4BB38AA17D998F900600041 /* GAITracker.h */,
				C4BB38AB17D998F900600041 /* libGoogleAnalyticsServices.a */,
			);
			name = GoogleAnalytics_3.0;
			path = Libraries/GoogleAnalytics_3.0;
			sourceTree = "<group>";
		};
		C4BB38B417D99ABA00600041 /* Common */ = {
			isa = PBXGroup;
			children = (
				C4BB38B517D99B0E00600041 /* GDataXMLNode.h */,
				C4BB38B617D99B0E00600041 /* GDataXMLNode.m */,
				C4BB38B817D99B4700600041 /* JSONKit.h */,
				C4BB38B917D99B4700600041 /* JSONKit.m */,
			);
			name = Common;
			sourceTree = "<group>";
		};
		C4D42CD917D99E70009E95D0 /* SDWebImage */ = {
			isa = PBXGroup;
			children = (
				C4D42CDA17D99E70009E95D0 /* MKAnnotationView+WebCache.h */,
				C4D42CDB17D99E70009E95D0 /* MKAnnotationView+WebCache.m */,
				C4D42CDC17D99E70009E95D0 /* SDImageCache.h */,
				C4D42CDD17D99E70009E95D0 /* SDImageCache.m */,
				C4D42CDE17D99E70009E95D0 /* SDImageCacheDelegate.h */,
				C4D42CDF17D99E70009E95D0 /* SDWebImageCompat.h */,
				C4D42CE017D99E70009E95D0 /* SDWebImageDecoder.h */,
				C4D42CE117D99E70009E95D0 /* SDWebImageDecoder.m */,
				C4D42CE217D99E70009E95D0 /* SDWebImageDownloader.h */,
				C4D42CE317D99E70009E95D0 /* SDWebImageDownloader.m */,
				C4D42CE417D99E70009E95D0 /* SDWebImageDownloaderDelegate.h */,
				C4D42CE517D99E70009E95D0 /* SDWebImageManager.h */,
				C4D42CE617D99E70009E95D0 /* SDWebImageManager.m */,
				C4D42CE717D99E70009E95D0 /* SDWebImageManagerDelegate.h */,
				C4D42CE817D99E70009E95D0 /* SDWebImagePrefetcher.h */,
				C4D42CE917D99E70009E95D0 /* SDWebImagePrefetcher.m */,
				C4D42CEA17D99E70009E95D0 /* UIButton+WebCache.h */,
				C4D42CEB17D99E70009E95D0 /* UIButton+WebCache.m */,
				C4D42CEC17D99E70009E95D0 /* UIImageView+WebCache.h */,
				C4D42CED17D99E70009E95D0 /* UIImageView+WebCache.m */,
			);
			name = SDWebImage;
			path = Libraries/SDWebImage;
			sourceTree = "<group>";
		};
		C4D42CF617D99EE1009E95D0 /* SVProgressHUD */ = {
			isa = PBXGroup;
			children = (
				C4D42CF717D99EE1009E95D0 /* SVProgressHUD.bundle */,
				C4D42CF817D99EE1009E95D0 /* SVProgressHUD.h */,
				C4D42CF917D99EE1009E95D0 /* SVProgressHUD.m */,
			);
			name = SVProgressHUD;
			path = Libraries/SVProgressHUD;
			sourceTree = "<group>";
		};
/* End PBXGroup section */

/* Begin PBXNativeTarget section */
		C4214EBB17D97098001E640A /* StoryContinued */ = {
			isa = PBXNativeTarget;
			buildConfigurationList = C4214ED917D97098001E640A /* Build configuration list for PBXNativeTarget "StoryContinued" */;
			buildPhases = (
				C4214EB817D97098001E640A /* Sources */,
				C4214EB917D97098001E640A /* Frameworks */,
				C4214EBA17D97098001E640A /* Resources */,
			);
			buildRules = (
			);
			dependencies = (
			);
			name = StoryContinued;
			productName = StoryContinued;
			productReference = C4214EBC17D97098001E640A /* StoryContinued.app */;
			productType = "com.apple.product-type.application";
		};
/* End PBXNativeTarget section */

/* Begin PBXProject section */
		C4214EB417D97097001E640A /* Project object */ = {
			isa = PBXProject;
			attributes = {
				LastUpgradeCheck = 0460;
			};
			buildConfigurationList = C4214EB717D97097001E640A /* Build configuration list for PBXProject "StoryContinued" */;
			compatibilityVersion = "Xcode 3.2";
			developmentRegion = English;
			hasScannedForEncodings = 0;
			knownRegions = (
				en,
				"zh-Hans",
			);
			mainGroup = C4214EB317D97097001E640A;
			productRefGroup = C4214EBD17D97098001E640A /* Products */;
			projectDirPath = "";
			projectRoot = "";
			targets = (
				C4214EBB17D97098001E640A /* StoryContinued */,
			);
		};
/* End PBXProject section */

/* Begin PBXResourcesBuildPhase section */
		C4214EBA17D97098001E640A /* Resources */ = {
			isa = PBXResourcesBuildPhase;
			buildActionMask = 2147483647;
			files = (
				C4214ECA17D97098001E640A /* InfoPlist.strings in Resources */,
				C4214ED217D97098001E640A /* Default.png in Resources */,
				C4214ED417D97098001E640A /* Default@2x.png in Resources */,
				C4214ED617D97098001E640A /* Default-568h@2x.png in Resources */,
				C4214F0017D97ACF001E640A /* UMSocialLocalizable.strings in Resources */,
				C4214F0417D97AD0001E640A /* UMSCommentDetailController.xib in Resources */,
				C4214F0517D97AD0001E640A /* UMSCommentInputController.xib in Resources */,
				C4214F0617D97AD0001E640A /* UMSCommentInputControlleriPad.xib in Resources */,
				C4214F0717D97AD0001E640A /* UMShareEditViewController.xib in Resources */,
				C4214F0817D97AD0001E640A /* UMShareEditViewControlleriPad.xib in Resources */,
				C4214F0917D97AD0001E640A /* UMSLoginViewController.xib in Resources */,
				C4214F0A17D97AD0001E640A /* UMSnsAccountViewController.xib in Resources */,
				C4214F0B17D97AD0001E640A /* UMSShareListController.xib in Resources */,
				C4214F0C17D97AD0001E640A /* UMSocialSDKResourcesNew.bundle in Resources */,
				C4214F1217D98282001E640A /* MainStoryboard.storyboard in Resources */,
				C4D42CFA17D99EE1009E95D0 /* SVProgressHUD.bundle in Resources */,
			);
			runOnlyForDeploymentPostprocessing = 0;
		};
/* End PBXResourcesBuildPhase section */

/* Begin PBXSourcesBuildPhase section */
		C4214EB817D97098001E640A /* Sources */ = {
			isa = PBXSourcesBuildPhase;
			buildActionMask = 2147483647;
			files = (
				C4214ECC17D97098001E640A /* main.m in Sources */,
				C4214ED017D97098001E640A /* AppDelegate.m in Sources */,
				C4BB38B717D99B0E00600041 /* GDataXMLNode.m in Sources */,
				C4BB38BA17D99B4700600041 /* JSONKit.m in Sources */,
				C4D42CEE17D99E70009E95D0 /* MKAnnotationView+WebCache.m in Sources */,
				C4D42CEF17D99E70009E95D0 /* SDImageCache.m in Sources */,
				C4D42CF017D99E70009E95D0 /* SDWebImageDecoder.m in Sources */,
				C4D42CF117D99E70009E95D0 /* SDWebImageDownloader.m in Sources */,
				C4D42CF217D99E70009E95D0 /* SDWebImageManager.m in Sources */,
				C4D42CF317D99E70009E95D0 /* SDWebImagePrefetcher.m in Sources */,
				C4D42CF417D99E70009E95D0 /* UIButton+WebCache.m in Sources */,
				C4D42CF517D99E70009E95D0 /* UIImageView+WebCache.m in Sources */,
				C4D42CFB17D99EE1009E95D0 /* SVProgressHUD.m in Sources */,
			);
			runOnlyForDeploymentPostprocessing = 0;
		};
/* End PBXSourcesBuildPhase section */

/* Begin PBXVariantGroup section */
		C4214EC817D97098001E640A /* InfoPlist.strings */ = {
			isa = PBXVariantGroup;
			children = (
				C4214EC917D97098001E640A /* en */,
			);
			name = InfoPlist.strings;
			sourceTree = "<group>";
		};
		C4214EE117D97ACF001E640A /* UMSocialLocalizable.strings */ = {
			isa = PBXVariantGroup;
			children = (
				C4214EE217D97ACF001E640A /* en */,
				C4214EFF17D97ACF001E640A /* zh-Hans */,
			);
			name = UMSocialLocalizable.strings;
			sourceTree = "<group>";
		};
		C4214F1417D98282001E640A /* MainStoryboard.storyboard */ = {
			isa = PBXVariantGroup;
			children = (
				C4214F1317D98282001E640A /* zh-Hans */,
				C4214F1517D9828A001E640A /* en */,
			);
			name = MainStoryboard.storyboard;
			sourceTree = "<group>";
		};
/* End PBXVariantGroup section */

/* Begin XCBuildConfiguration section */
		C4214ED717D97098001E640A /* Debug */ = {
			isa = XCBuildConfiguration;
			buildSettings = {
				ALWAYS_SEARCH_USER_PATHS = NO;
				CLANG_CXX_LANGUAGE_STANDARD = "gnu++0x";
				CLANG_CXX_LIBRARY = "libc++";
				CLANG_ENABLE_OBJC_ARC = YES;
				CLANG_WARN_CONSTANT_CONVERSION = YES;
				CLANG_WARN_EMPTY_BODY = YES;
				CLANG_WARN_ENUM_CONVERSION = YES;
				CLANG_WARN_INT_CONVERSION = YES;
				CLANG_WARN__DUPLICATE_METHOD_MATCH = YES;
				"CODE_SIGN_IDENTITY[sdk=iphoneos*]" = "iPhone Developer";
				COPY_PHASE_STRIP = NO;
				GCC_C_LANGUAGE_STANDARD = gnu99;
				GCC_DYNAMIC_NO_PIC = NO;
				GCC_OPTIMIZATION_LEVEL = 0;
				GCC_PREPROCESSOR_DEFINITIONS = (
					"DEBUG=1",
					"$(inherited)",
				);
				GCC_SYMBOLS_PRIVATE_EXTERN = NO;
				GCC_WARN_ABOUT_RETURN_TYPE = YES;
				GCC_WARN_UNINITIALIZED_AUTOS = YES;
				GCC_WARN_UNUSED_VARIABLE = YES;
				IPHONEOS_DEPLOYMENT_TARGET = 5.0;
				ONLY_ACTIVE_ARCH = YES;
				SDKROOT = iphoneos;
			};
			name = Debug;
		};
		C4214ED817D97098001E640A /* Release */ = {
			isa = XCBuildConfiguration;
			buildSettings = {
				ALWAYS_SEARCH_USER_PATHS = NO;
				CLANG_CXX_LANGUAGE_STANDARD = "gnu++0x";
				CLANG_CXX_LIBRARY = "libc++";
				CLANG_ENABLE_OBJC_ARC = YES;
				CLANG_WARN_CONSTANT_CONVERSION = YES;
				CLANG_WARN_EMPTY_BODY = YES;
				CLANG_WARN_ENUM_CONVERSION = YES;
				CLANG_WARN_INT_CONVERSION = YES;
				CLANG_WARN__DUPLICATE_METHOD_MATCH = YES;
				"CODE_SIGN_IDENTITY[sdk=iphoneos*]" = "iPhone Developer";
				COPY_PHASE_STRIP = YES;
				GCC_C_LANGUAGE_STANDARD = gnu99;
				GCC_WARN_ABOUT_RETURN_TYPE = YES;
				GCC_WARN_UNINITIALIZED_AUTOS = YES;
				GCC_WARN_UNUSED_VARIABLE = YES;
				IPHONEOS_DEPLOYMENT_TARGET = 5.0;
				OTHER_CFLAGS = "-DNS_BLOCK_ASSERTIONS=1";
				SDKROOT = iphoneos;
				VALIDATE_PRODUCT = YES;
			};
			name = Release;
		};
		C4214EDA17D97098001E640A /* Debug */ = {
			isa = XCBuildConfiguration;
			buildSettings = {
				GCC_PRECOMPILE_PREFIX_HEADER = YES;
				GCC_PREFIX_HEADER = "StoryContinued/StoryContinued-Prefix.pch";
				HEADER_SEARCH_PATHS = /usr/include/libxml2;
				INFOPLIST_FILE = "StoryContinued/StoryContinued-Info.plist";
				IPHONEOS_DEPLOYMENT_TARGET = 5.0;
				LIBRARY_SEARCH_PATHS = (
					"$(inherited)",
					"\"$(SRCROOT)/StoryContinued/Libraries/UMSocial_Sdk_2.2.1.1/frameworks/Wechat\"",
					"\"$(SRCROOT)/StoryContinued/Libraries/UMSocial_Sdk_2.2.1.1\"",
					"\"$(SRCROOT)/StoryContinued/Libraries/GoogleAnalytics_3.0\"",
				);
				PRODUCT_NAME = "$(TARGET_NAME)";
				WRAPPER_EXTENSION = app;
			};
			name = Debug;
		};
		C4214EDB17D97098001E640A /* Release */ = {
			isa = XCBuildConfiguration;
			buildSettings = {
				GCC_PRECOMPILE_PREFIX_HEADER = YES;
				GCC_PREFIX_HEADER = "StoryContinued/StoryContinued-Prefix.pch";
				HEADER_SEARCH_PATHS = /usr/include/libxml2;
				INFOPLIST_FILE = "StoryContinued/StoryContinued-Info.plist";
				IPHONEOS_DEPLOYMENT_TARGET = 5.0;
				LIBRARY_SEARCH_PATHS = (
					"$(inherited)",
					"\"$(SRCROOT)/StoryContinued/Libraries/UMSocial_Sdk_2.2.1.1/frameworks/Wechat\"",
					"\"$(SRCROOT)/StoryContinued/Libraries/UMSocial_Sdk_2.2.1.1\"",
					"\"$(SRCROOT)/StoryContinued/Libraries/GoogleAnalytics_3.0\"",
				);
				PRODUCT_NAME = "$(TARGET_NAME)";
				WRAPPER_EXTENSION = app;
			};
			name = Release;
		};
/* End XCBuildConfiguration section */

/* Begin XCConfigurationList section */
		C4214EB717D97097001E640A /* Build configuration list for PBXProject "StoryContinued" */ = {
			isa = XCConfigurationList;
			buildConfigurations = (
				C4214ED717D97098001E640A /* Debug */,
				C4214ED817D97098001E640A /* Release */,
			);
			defaultConfigurationIsVisible = 0;
			defaultConfigurationName = Release;
		};
		C4214ED917D97098001E640A /* Build configuration list for PBXNativeTarget "StoryContinued" */ = {
			isa = XCConfigurationList;
			buildConfigurations = (
				C4214EDA17D97098001E640A /* Debug */,
				C4214EDB17D97098001E640A /* Release */,
			);
			defaultConfigurationIsVisible = 0;
			defaultConfigurationName = Release;
		};
/* End XCConfigurationList section */
	};
	rootObject = C4214EB417D97097001E640A /* Project object */;
}
